<?xml version="1.0" encoding="utf-8"?>
<Project ToolsVersion="4.0" xmlns="http://schemas.microsoft.com/developer/msbuild/2003">
  <ItemGroup>
    <Filter Include="Source Files">
      <UniqueIdentifier>{48cc1270-d07a-43a1-b71a-5b5e6d36c11a}</UniqueIdentifier>
      <Extensions>cpp;c;cxx;rc;def;r;odl;idl;hpj;bat</Extensions>
    </Filter>
    <Filter Include="Source Files\socket">
      <UniqueIdentifier>{ccddfc02-781d-4b50-94ea-da7072664d31}</UniqueIdentifier>
    </Filter>
    <Filter Include="Source Files\server">
      <UniqueIdentifier>{045c40c8-bb92-4165-b55f-b19dc83fa939}</UniqueIdentifier>
    </Filter>
    <Filter Include="Source Files\random_maps">
      <UniqueIdentifier>{5092e73a-ed36-46d2-8ccf-8870a1d949fd}</UniqueIdentifier>
    </Filter>
    <Filter Include="Source Files\common">
      <UniqueIdentifier>{ce0674cb-3703-4b96-8d66-cdfeaef948b9}</UniqueIdentifier>
    </Filter>
    <Filter Include="Header Files">
      <UniqueIdentifier>{ae31369c-839a-4e52-997b-fd698f280f28}</UniqueIdentifier>
      <Extensions>h;hpp;hxx;hm;inl</Extensions>
    </Filter>
    <Filter Include="Resource Files">
      <UniqueIdentifier>{62c13363-71c3-47d5-a34d-b684eea8eba9}</UniqueIdentifier>
    </Filter>
    <Filter Include="Source Files\types">
      <UniqueIdentifier>{f82e010e-007a-4810-b6a1-4209c15eadb5}</UniqueIdentifier>
    </Filter>
    <Filter Include="Header Files\shared">
      <UniqueIdentifier>{6032ee68-e867-4e79-bb5f-0f82eec981f1}</UniqueIdentifier>
    </Filter>
    <Filter Include="Header Files\random_maps">
      <UniqueIdentifier>{3d30ac3f-f4fc-4fe0-b3da-f04319bfcf1d}</UniqueIdentifier>
    </Filter>
    <Filter Include="Source Files\common\assets">
      <UniqueIdentifier>{d4eb816f-e0c4-4987-9c08-131066ce0c0f}</UniqueIdentifier>
    </Filter>
    <Filter Include="Source Files\server\modules">
      <UniqueIdentifier>{8ad04cc4-7883-46df-8234-b498a5e553aa}</UniqueIdentifier>
    </Filter>
  </ItemGroup>
  <ItemGroup>
    <ClCompile Include="..\common\anim.cpp">
      <Filter>Source Files\common</Filter>
    </ClCompile>
    <ClCompile Include="..\common\arch.cpp">
      <Filter>Source Files\common</Filter>
    </ClCompile>
    <ClCompile Include="..\common\artifact.cpp">
      <Filter>Source Files\common</Filter>
    </ClCompile>
    <ClCompile Include="..\common\bufferreader.cpp">
      <Filter>Source Files\common</Filter>
    </ClCompile>
    <ClCompile Include="..\common\button.cpp">
      <Filter>Source Files\common</Filter>
    </ClCompile>
    <ClCompile Include="..\common\cf_random.cpp">
      <Filter>Source Files\common</Filter>
    </ClCompile>
    <ClCompile Include="..\common\dialog.cpp">
      <Filter>Source Files\common</Filter>
    </ClCompile>
    <ClCompile Include="..\common\events.cpp">
      <Filter>Source Files\common</Filter>
    </ClCompile>
    <ClCompile Include="..\common\exp.cpp">
      <Filter>Source Files\common</Filter>
    </ClCompile>
    <ClCompile Include="..\common\friend.cpp">
      <Filter>Source Files\common</Filter>
    </ClCompile>
    <ClCompile Include="..\common\holy.cpp">
      <Filter>Source Files\common</Filter>
    </ClCompile>
    <ClCompile Include="..\common\image.cpp">
      <Filter>Source Files\common</Filter>
    </ClCompile>
    <ClCompile Include="..\common\info.cpp">
      <Filter>Source Files\common</Filter>
    </ClCompile>
    <ClCompile Include="..\common\init.cpp">
      <Filter>Source Files\common</Filter>
    </ClCompile>
    <ClCompile Include="..\common\item.cpp">
      <Filter>Source Files\common</Filter>
    </ClCompile>
    <ClCompile Include="..\common\languages.cpp">
      <Filter>Source Files\common</Filter>
    </ClCompile>
    <ClCompile Include="..\common\links.cpp">
      <Filter>Source Files\common</Filter>
    </ClCompile>
    <ClCompile Include="..\common\living.cpp">
      <Filter>Source Files\common</Filter>
    </ClCompile>
    <ClCompile Include="..\common\logger.cpp">
      <Filter>Source Files\common</Filter>
    </ClCompile>
    <ClCompile Include="..\common\los.cpp">
      <Filter>Source Files\common</Filter>
    </ClCompile>
    <ClCompile Include="..\common\map.cpp">
      <Filter>Source Files\common</Filter>
    </ClCompile>
    <ClCompile Include="..\common\minheap.cpp">
      <Filter>Source Files\common</Filter>
    </ClCompile>
    <ClCompile Include="..\common\ob_methods.cpp">
      <Filter>Source Files\common</Filter>
    </ClCompile>
    <ClCompile Include="..\common\ob_types.cpp">
      <Filter>Source Files\common</Filter>
    </ClCompile>
    <ClCompile Include="..\common\object.cpp">
      <Filter>Source Files\common</Filter>
    </ClCompile>
    <ClCompile Include="..\common\output_file.cpp">
      <Filter>Source Files\common</Filter>
    </ClCompile>
    <ClCompile Include="..\common\path.cpp">
      <Filter>Source Files\common</Filter>
    </ClCompile>
    <ClCompile Include="..\common\player.cpp">
      <Filter>Source Files\common</Filter>
    </ClCompile>
    <ClCompile Include="..\common\porting.cpp">
      <Filter>Source Files\common</Filter>
    </ClCompile>
    <ClCompile Include="..\common\readable.cpp">
      <Filter>Source Files\common</Filter>
    </ClCompile>
    <ClCompile Include="..\common\recipe.cpp">
      <Filter>Source Files\common</Filter>
    </ClCompile>
    <ClCompile Include="..\common\re-cmp.cpp">
      <Filter>Source Files\common</Filter>
    </ClCompile>
    <ClCompile Include="..\common\region.cpp">
      <Filter>Source Files\common</Filter>
    </ClCompile>
    <ClCompile Include="..\common\shstr.cpp">
      <Filter>Source Files\common</Filter>
    </ClCompile>
    <ClCompile Include="..\common\stringbuffer.cpp">
      <Filter>Source Files\common</Filter>
    </ClCompile>
    <ClCompile Include="..\common\time.cpp">
      <Filter>Source Files\common</Filter>
    </ClCompile>
    <ClCompile Include="..\common\treasure.cpp">
      <Filter>Source Files\common</Filter>
    </ClCompile>
    <ClCompile Include="..\common\utils.cpp">
      <Filter>Source Files\common</Filter>
    </ClCompile>
    <ClCompile Include="..\random_maps\decor.cpp">
      <Filter>Source Files\random_maps</Filter>
    </ClCompile>
    <ClCompile Include="..\random_maps\door.cpp">
      <Filter>Source Files\random_maps</Filter>
    </ClCompile>
    <ClCompile Include="..\random_maps\exit.cpp">
      <Filter>Source Files\random_maps</Filter>
    </ClCompile>
    <ClCompile Include="..\random_maps\expand2x.cpp">
      <Filter>Source Files\random_maps</Filter>
    </ClCompile>
    <ClCompile Include="..\random_maps\floor.cpp">
      <Filter>Source Files\random_maps</Filter>
    </ClCompile>
    <ClCompile Include="..\random_maps\maze_gen.cpp">
      <Filter>Source Files\random_maps</Filter>
    </ClCompile>
    <ClCompile Include="..\random_maps\monster.cpp">
      <Filter>Source Files\random_maps</Filter>
    </ClCompile>
    <ClCompile Include="..\random_maps\random_map.cpp">
      <Filter>Source Files\random_maps</Filter>
    </ClCompile>
    <ClCompile Include="..\random_maps\rogue_layout.cpp">
      <Filter>Source Files\random_maps</Filter>
    </ClCompile>
    <ClCompile Include="..\random_maps\room_gen_onion.cpp">
      <Filter>Source Files\random_maps</Filter>
    </ClCompile>
    <ClCompile Include="..\random_maps\room_gen_spiral.cpp">
      <Filter>Source Files\random_maps</Filter>
    </ClCompile>
    <ClCompile Include="..\random_maps\snake.cpp">
      <Filter>Source Files\random_maps</Filter>
    </ClCompile>
    <ClCompile Include="..\random_maps\special.cpp">
      <Filter>Source Files\random_maps</Filter>
    </ClCompile>
    <ClCompile Include="..\random_maps\square_spiral.cpp">
      <Filter>Source Files\random_maps</Filter>
    </ClCompile>
    <ClCompile Include="..\random_maps\style.cpp">
      <Filter>Source Files\random_maps</Filter>
    </ClCompile>
    <ClCompile Include="..\random_maps\treasure.cpp">
      <Filter>Source Files\random_maps</Filter>
    </ClCompile>
    <ClCompile Include="..\random_maps\wall.cpp">
      <Filter>Source Files\random_maps</Filter>
    </ClCompile>
    <ClCompile Include="..\server\account.cpp">
      <Filter>Source Files\server</Filter>
    </ClCompile>
    <ClCompile Include="..\server\account_char.cpp">
      <Filter>Source Files\server</Filter>
    </ClCompile>
    <ClCompile Include="..\server\alchemy.cpp">
      <Filter>Source Files\server</Filter>
    </ClCompile>
    <ClCompile Include="..\server\apply.cpp">
      <Filter>Source Files\server</Filter>
    </ClCompile>
    <ClCompile Include="..\server\attack.cpp">
      <Filter>Source Files\server</Filter>
    </ClCompile>
    <ClCompile Include="..\server\ban.cpp">
      <Filter>Source Files\server</Filter>
    </ClCompile>
    <ClCompile Include="..\server\build_map.cpp">
      <Filter>Source Files\server</Filter>
    </ClCompile>
    <ClCompile Include="..\server\c_chat.cpp">
      <Filter>Source Files\server</Filter>
    </ClCompile>
    <ClCompile Include="..\server\c_misc.cpp">
      <Filter>Source Files\server</Filter>
    </ClCompile>
    <ClCompile Include="..\server\c_move.cpp">
      <Filter>Source Files\server</Filter>
    </ClCompile>
    <ClCompile Include="..\server\c_new.cpp">
      <Filter>Source Files\server</Filter>
    </ClCompile>
    <ClCompile Include="..\server\c_object.cpp">
      <Filter>Source Files\server</Filter>
    </ClCompile>
    <ClCompile Include="..\server\c_party.cpp">
      <Filter>Source Files\server</Filter>
    </ClCompile>
    <ClCompile Include="..\server\c_range.cpp">
      <Filter>Source Files\server</Filter>
    </ClCompile>
    <ClCompile Include="..\server\c_wiz.cpp">
      <Filter>Source Files\server</Filter>
    </ClCompile>
    <ClCompile Include="..\server\commands.cpp">
      <Filter>Source Files\server</Filter>
    </ClCompile>
    <ClCompile Include="..\server\disease.cpp">
      <Filter>Source Files\server</Filter>
    </ClCompile>
    <ClCompile Include="..\server\gods.cpp">
      <Filter>Source Files\server</Filter>
    </ClCompile>
    <ClCompile Include="..\server\hiscore.cpp">
      <Filter>Source Files\server</Filter>
    </ClCompile>
    <ClCompile Include="..\server\init.cpp">
      <Filter>Source Files\server</Filter>
    </ClCompile>
    <ClCompile Include="..\server\knowledge.cpp">
      <Filter>Source Files\server</Filter>
    </ClCompile>
    <ClCompile Include="..\server\login.cpp">
      <Filter>Source Files\server</Filter>
    </ClCompile>
    <ClCompile Include="..\server\main.cpp">
      <Filter>Source Files\server</Filter>
    </ClCompile>
    <ClCompile Include="..\server\monster.cpp">
      <Filter>Source Files\server</Filter>
    </ClCompile>
    <ClCompile Include="..\server\move.cpp">
      <Filter>Source Files\server</Filter>
    </ClCompile>
    <ClCompile Include="..\server\ob_methods.cpp">
      <Filter>Source Files\server</Filter>
    </ClCompile>
    <ClCompile Include="..\server\ob_types.cpp">
      <Filter>Source Files\server</Filter>
    </ClCompile>
    <ClCompile Include="..\server\party.cpp">
      <Filter>Source Files\server</Filter>
    </ClCompile>
    <ClCompile Include="..\server\pets.cpp">
      <Filter>Source Files\server</Filter>
    </ClCompile>
    <ClCompile Include="..\server\player.cpp">
      <Filter>Source Files\server</Filter>
    </ClCompile>
    <ClCompile Include="..\server\plugins.cpp">
      <Filter>Source Files\server</Filter>
    </ClCompile>
    <ClCompile Include="..\server\quest.cpp">
      <Filter>Source Files\server</Filter>
    </ClCompile>
    <ClCompile Include="..\server\races.cpp">
      <Filter>Source Files\server</Filter>
    </ClCompile>
    <ClCompile Include="..\server\resurrection.cpp">
      <Filter>Source Files\server</Filter>
    </ClCompile>
    <ClCompile Include="..\server\rune.cpp">
      <Filter>Source Files\server</Filter>
    </ClCompile>
    <ClCompile Include="..\server\server.cpp">
      <Filter>Source Files\server</Filter>
    </ClCompile>
    <ClCompile Include="..\server\shop.cpp">
      <Filter>Source Files\server</Filter>
    </ClCompile>
    <ClCompile Include="..\server\skill_util.cpp">
      <Filter>Source Files\server</Filter>
    </ClCompile>
    <ClCompile Include="..\server\skills.cpp">
      <Filter>Source Files\server</Filter>
    </ClCompile>
    <ClCompile Include="..\server\spell_attack.cpp">
      <Filter>Source Files\server</Filter>
    </ClCompile>
    <ClCompile Include="..\server\spell_effect.cpp">
      <Filter>Source Files\server</Filter>
    </ClCompile>
    <ClCompile Include="..\server\spell_util.cpp">
      <Filter>Source Files\server</Filter>
    </ClCompile>
    <ClCompile Include="..\server\swap.cpp">
      <Filter>Source Files\server</Filter>
    </ClCompile>
    <ClCompile Include="..\server\time.cpp">
      <Filter>Source Files\server</Filter>
    </ClCompile>
    <ClCompile Include="..\server\timers.cpp">
      <Filter>Source Files\server</Filter>
    </ClCompile>
    <ClCompile Include="..\server\weather.cpp">
      <Filter>Source Files\server</Filter>
    </ClCompile>
    <ClCompile Include="..\server\win32.cpp">
      <Filter>Source Files\server</Filter>
    </ClCompile>
    <ClCompile Include="..\socket\image.cpp">
      <Filter>Source Files\socket</Filter>
    </ClCompile>
    <ClCompile Include="..\socket\info.cpp">
      <Filter>Source Files\socket</Filter>
    </ClCompile>
    <ClCompile Include="..\socket\init.cpp">
      <Filter>Source Files\socket</Filter>
    </ClCompile>
    <ClCompile Include="..\socket\item.cpp">
      <Filter>Source Files\socket</Filter>
    </ClCompile>
    <ClCompile Include="..\socket\loop.cpp">
      <Filter>Source Files\socket</Filter>
    </ClCompile>
    <ClCompile Include="..\socket\lowlevel.cpp">
      <Filter>Source Files\socket</Filter>
    </ClCompile>
    <ClCompile Include="..\socket\metaserver.cpp">
      <Filter>Source Files\socket</Filter>
    </ClCompile>
    <ClCompile Include="..\socket\request.cpp">
      <Filter>Source Files\socket</Filter>
    </ClCompile>
    <ClCompile Include="..\socket\requestinfo.cpp">
      <Filter>Source Files\socket</Filter>
    </ClCompile>
    <ClCompile Include="..\socket\sounds.cpp">
      <Filter>Source Files\socket</Filter>
    </ClCompile>
    <ClCompile Include="..\common\assets\Animations.cpp">
      <Filter>Source Files\common\assets</Filter>
    </ClCompile>
    <ClCompile Include="..\common\assets\AnimationWriter.cpp">
      <Filter>Source Files\common\assets</Filter>
    </ClCompile>
    <ClCompile Include="..\common\assets\ArchetypeLoader.cpp">
      <Filter>Source Files\common\assets</Filter>
    </ClCompile>
    <ClCompile Include="..\common\assets\Archetypes.cpp">
      <Filter>Source Files\common\assets</Filter>
    </ClCompile>
    <ClCompile Include="..\common\assets\ArchetypeWriter.cpp">
      <Filter>Source Files\common\assets</Filter>
    </ClCompile>
    <ClCompile Include="..\common\assets\ArtifactLoader.cpp">
      <Filter>Source Files\common\assets</Filter>
    </ClCompile>
    <ClCompile Include="..\common\assets\ArtifactWriter.cpp">
      <Filter>Source Files\common\assets</Filter>
    </ClCompile>
    <ClCompile Include="..\common\assets\AssetCollector.cpp">
      <Filter>Source Files\common\assets</Filter>
    </ClCompile>
    <ClCompile Include="..\common\assets\assets.cpp">
      <Filter>Source Files\common\assets</Filter>
    </ClCompile>
    <ClCompile Include="..\common\assets\AssetsManager.cpp">
      <Filter>Source Files\common\assets</Filter>
    </ClCompile>
    <ClCompile Include="..\common\assets\FaceLoader.cpp">
      <Filter>Source Files\common\assets</Filter>
    </ClCompile>
    <ClCompile Include="..\common\assets\Faces.cpp">
      <Filter>Source Files\common\assets</Filter>
    </ClCompile>
    <ClCompile Include="..\common\assets\FacesetLoader.cpp">
      <Filter>Source Files\common\assets</Filter>
    </ClCompile>
    <ClCompile Include="..\common\assets\Facesets.cpp">
      <Filter>Source Files\common\assets</Filter>
    </ClCompile>
    <ClCompile Include="..\common\assets\FacesetWriter.cpp">
      <Filter>Source Files\common\assets</Filter>
    </ClCompile>
    <ClCompile Include="..\common\assets\FaceWriter.cpp">
      <Filter>Source Files\common\assets</Filter>
    </ClCompile>
    <ClCompile Include="..\common\assets\FormulaeWriter.cpp">
      <Filter>Source Files\common\assets</Filter>
    </ClCompile>
    <ClCompile Include="..\common\assets\MessageLoader.cpp">
      <Filter>Source Files\common\assets</Filter>
    </ClCompile>
    <ClCompile Include="..\common\assets\Messages.cpp">
      <Filter>Source Files\common\assets</Filter>
    </ClCompile>
    <ClCompile Include="..\common\assets\MessageWriter.cpp">
      <Filter>Source Files\common\assets</Filter>
    </ClCompile>
    <ClCompile Include="..\common\assets\microtar.cpp">
      <Filter>Source Files\common\assets</Filter>
    </ClCompile>
    <ClCompile Include="..\common\assets\PngLoader.cpp">
      <Filter>Source Files\common\assets</Filter>
    </ClCompile>
    <ClCompile Include="..\common\assets\QuestLoader.cpp">
      <Filter>Source Files\common\assets</Filter>
    </ClCompile>
    <ClCompile Include="..\common\assets\Quests.cpp">
      <Filter>Source Files\common\assets</Filter>
    </ClCompile>
    <ClCompile Include="..\common\assets\QuestWriter.cpp">
      <Filter>Source Files\common\assets</Filter>
    </ClCompile>
    <ClCompile Include="..\common\assets\TarLoader.cpp">
      <Filter>Source Files\common\assets</Filter>
    </ClCompile>
    <ClCompile Include="..\common\assets\TreasureLoader.cpp">
      <Filter>Source Files\common\assets</Filter>
    </ClCompile>
    <ClCompile Include="..\common\assets\Treasures.cpp">
      <Filter>Source Files\common\assets</Filter>
    </ClCompile>
    <ClCompile Include="..\common\assets\TreasureWriter.cpp">
      <Filter>Source Files\common\assets</Filter>
    </ClCompile>
    <ClCompile Include="..\common\assets\Utils.cpp">
      <Filter>Source Files\common\assets</Filter>
    </ClCompile>
    <ClCompile Include="..\types\altar\altar.cpp">
      <Filter>Source Files\types</Filter>
    </ClCompile>
    <ClCompile Include="..\types\armour_improver\armour_improver.cpp">
      <Filter>Source Files\types</Filter>
    </ClCompile>
    <ClCompile Include="..\types\arrow\arrow.cpp">
      <Filter>Source Files\types</Filter>
    </ClCompile>
    <ClCompile Include="..\types\blindness\blindness.cpp">
      <Filter>Source Files\types</Filter>
    </ClCompile>
    <ClCompile Include="..\types\book\book.cpp">
      <Filter>Source Files\types</Filter>
    </ClCompile>
    <ClCompile Include="..\types\button\button.cpp">
      <Filter>Source Files\types</Filter>
    </ClCompile>
    <ClCompile Include="..\types\cf_handle\cf_handle.cpp">
      <Filter>Source Files\types</Filter>
    </ClCompile>
    <ClCompile Include="..\types\check_inv\check_inv.cpp">
      <Filter>Source Files\types</Filter>
    </ClCompile>
    <ClCompile Include="..\types\clock\clock.cpp">
      <Filter>Source Files\types</Filter>
    </ClCompile>
    <ClCompile Include="..\types\common\common_apply.cpp">
      <Filter>Source Files\types</Filter>
    </ClCompile>
    <ClCompile Include="..\types\common\describe.cpp">
      <Filter>Source Files\types</Filter>
    </ClCompile>
    <ClCompile Include="..\types\common\light_object.cpp">
      <Filter>Source Files\types</Filter>
    </ClCompile>
    <ClCompile Include="..\types\common\projectile.cpp">
      <Filter>Source Files\types</Filter>
    </ClCompile>
    <ClCompile Include="..\types\container\container.cpp">
      <Filter>Source Files\types</Filter>
    </ClCompile>
    <ClCompile Include="..\types\converter\converter.cpp">
      <Filter>Source Files\types</Filter>
    </ClCompile>
    <ClCompile Include="..\types\creator\creator.cpp">
      <Filter>Source Files\types</Filter>
    </ClCompile>
    <ClCompile Include="..\types\deep_swamp\deep_swamp.cpp">
      <Filter>Source Files\types</Filter>
    </ClCompile>
    <ClCompile Include="..\types\detector\detector.cpp">
      <Filter>Source Files\types</Filter>
    </ClCompile>
    <ClCompile Include="..\types\director\director.cpp">
      <Filter>Source Files\types</Filter>
    </ClCompile>
    <ClCompile Include="..\types\dragon_focus\dragon_focus.cpp">
      <Filter>Source Files\types</Filter>
    </ClCompile>
    <ClCompile Include="..\types\duplicator\duplicator.cpp">
      <Filter>Source Files\types</Filter>
    </ClCompile>
    <ClCompile Include="..\types\exit\exit.cpp">
      <Filter>Source Files\types</Filter>
    </ClCompile>
    <ClCompile Include="..\types\food\food.cpp">
      <Filter>Source Files\types</Filter>
    </ClCompile>
    <ClCompile Include="..\types\gate\gate.cpp">
      <Filter>Source Files\types</Filter>
    </ClCompile>
    <ClCompile Include="..\types\hole\hole.cpp">
      <Filter>Source Files\types</Filter>
    </ClCompile>
    <ClCompile Include="..\types\identify_altar\identify_altar.cpp">
      <Filter>Source Files\types</Filter>
    </ClCompile>
    <ClCompile Include="..\types\lamp\lamp.cpp">
      <Filter>Source Files\types</Filter>
    </ClCompile>
    <ClCompile Include="..\types\legacy\apply.cpp">
      <Filter>Source Files\types</Filter>
    </ClCompile>
    <ClCompile Include="..\types\legacy\legacy_describe.cpp">
      <Filter>Source Files\types</Filter>
    </ClCompile>
    <ClCompile Include="..\types\legacy\process.cpp">
      <Filter>Source Files\types</Filter>
    </ClCompile>
    <ClCompile Include="..\types\lightable\lightable.cpp">
      <Filter>Source Files\types</Filter>
    </ClCompile>
    <ClCompile Include="..\types\lighter\lighter.cpp">
      <Filter>Source Files\types</Filter>
    </ClCompile>
    <ClCompile Include="..\types\marker\marker.cpp">
      <Filter>Source Files\types</Filter>
    </ClCompile>
    <ClCompile Include="..\types\mimic\mimic.cpp">
      <Filter>Source Files\types</Filter>
    </ClCompile>
    <ClCompile Include="..\types\mood_floor\mood_floor.cpp">
      <Filter>Source Files\types</Filter>
    </ClCompile>
    <ClCompile Include="..\types\peacemaker\peacemaker.cpp">
      <Filter>Source Files\types</Filter>
    </ClCompile>
    <ClCompile Include="..\types\pedestal\pedestal.cpp">
      <Filter>Source Files\types</Filter>
    </ClCompile>
    <ClCompile Include="..\types\player_changer\player_changer.cpp">
      <Filter>Source Files\types</Filter>
    </ClCompile>
    <ClCompile Include="..\types\player_mover\player_mover.cpp">
      <Filter>Source Files\types</Filter>
    </ClCompile>
    <ClCompile Include="..\types\poison\poison.cpp">
      <Filter>Source Files\types</Filter>
    </ClCompile>
    <ClCompile Include="..\types\poisoning\poisoning.cpp">
      <Filter>Source Files\types</Filter>
    </ClCompile>
    <ClCompile Include="..\types\potion\potion.cpp">
      <Filter>Source Files\types</Filter>
    </ClCompile>
    <ClCompile Include="..\types\power_crystal\power_crystal.cpp">
      <Filter>Source Files\types</Filter>
    </ClCompile>
    <ClCompile Include="..\types\savebed\savebed.cpp">
      <Filter>Source Files\types</Filter>
    </ClCompile>
    <ClCompile Include="..\types\scroll\scroll.cpp">
      <Filter>Source Files\types</Filter>
    </ClCompile>
    <ClCompile Include="..\types\shop_inventory\shop_inventory.cpp">
      <Filter>Source Files\types</Filter>
    </ClCompile>
    <ClCompile Include="..\types\shop_mat\shop_mat.cpp">
      <Filter>Source Files\types</Filter>
    </ClCompile>
    <ClCompile Include="..\types\sign\sign.cpp">
      <Filter>Source Files\types</Filter>
    </ClCompile>
    <ClCompile Include="..\types\skillscroll\skillscroll.cpp">
      <Filter>Source Files\types</Filter>
    </ClCompile>
    <ClCompile Include="..\types\spell_effect\spell_effect.cpp">
      <Filter>Source Files\types</Filter>
    </ClCompile>
    <ClCompile Include="..\types\spellbook\spellbook.cpp">
      <Filter>Source Files\types</Filter>
    </ClCompile>
    <ClCompile Include="..\types\spinner\spinner.cpp">
      <Filter>Source Files\types</Filter>
    </ClCompile>
    <ClCompile Include="..\types\teleporter\teleporter.cpp">
      <Filter>Source Files\types</Filter>
    </ClCompile>
    <ClCompile Include="..\types\thrown_object\thrown_object.cpp">
      <Filter>Source Files\types</Filter>
    </ClCompile>
    <ClCompile Include="..\types\transport\transport.cpp">
      <Filter>Source Files\types</Filter>
    </ClCompile>
    <ClCompile Include="..\types\trap\common_trap.cpp">
      <Filter>Source Files\types</Filter>
    </ClCompile>
    <ClCompile Include="..\types\trap\rune.cpp">
      <Filter>Source Files\types</Filter>
    </ClCompile>
    <ClCompile Include="..\types\trap\trap.cpp">
      <Filter>Source Files\types</Filter>
    </ClCompile>
    <ClCompile Include="..\types\trapdoor\trapdoor.cpp">
      <Filter>Source Files\types</Filter>
    </ClCompile>
    <ClCompile Include="..\types\treasure\treasure.cpp">
      <Filter>Source Files\types</Filter>
    </ClCompile>
    <ClCompile Include="..\types\trigger\trigger.cpp">
      <Filter>Source Files\types</Filter>
    </ClCompile>
    <ClCompile Include="..\types\trigger_altar\trigger_altar.cpp">
      <Filter>Source Files\types</Filter>
    </ClCompile>
    <ClCompile Include="..\types\trigger_button\trigger_button.cpp">
      <Filter>Source Files\types</Filter>
    </ClCompile>
    <ClCompile Include="..\types\trigger_pedestal\trigger_pedestal.cpp">
      <Filter>Source Files\types</Filter>
    </ClCompile>
    <ClCompile Include="..\types\weapon_improver\weapon_improver.cpp">
      <Filter>Source Files\types</Filter>
    </ClCompile>
    <ClCompile Include="..\server\modules\cfcitybell.cpp">
      <Filter>Source Files\server\modules</Filter>
    </ClCompile>
    <ClCompile Include="..\server\modules\citylife.cpp">
      <Filter>Source Files\server\modules</Filter>
    </ClCompile>
    <ClCompile Include="..\server\modules\random_house_generator.cpp">
      <Filter>Source Files\server\modules</Filter>
    </ClCompile>
    <ClCompile Include="..\common\arch_types_valid.cpp">
      <Filter>Source Files\common</Filter>
    </ClCompile>
    <ClCompile Include="..\random_maps\reader.cpp">
      <Filter>Source Files\random_maps</Filter>
    </ClCompile>
    <ClCompile Include="..\common\loader.cpp">
      <Filter>Source Files\common</Filter>
    </ClCompile>
  </ItemGroup>
  <ItemGroup>
    <ClInclude Include="resource.h">
      <Filter>Resource Files</Filter>
    </ClInclude>
    <ClInclude Include="..\include\account_char.h">
      <Filter>Header Files</Filter>
    </ClInclude>
    <ClInclude Include="..\include\Animations.h">
      <Filter>Header Files</Filter>
    </ClInclude>
    <ClInclude Include="..\include\AnimationWriter.h">
      <Filter>Header Files</Filter>
    </ClInclude>
    <ClInclude Include="..\include\ArchetypeLoader.h">
      <Filter>Header Files</Filter>
    </ClInclude>
    <ClInclude Include="..\include\Archetypes.h">
      <Filter>Header Files</Filter>
    </ClInclude>
    <ClInclude Include="..\include\ArchetypeWriter.h">
      <Filter>Header Files</Filter>
    </ClInclude>
    <ClInclude Include="..\include\artifact.h">
      <Filter>Header Files</Filter>
    </ClInclude>
    <ClInclude Include="..\include\ArtifactLoader.h">
      <Filter>Header Files</Filter>
    </ClInclude>
    <ClInclude Include="..\include\ArtifactWriter.h">
      <Filter>Header Files</Filter>
    </ClInclude>
    <ClInclude Include="..\include\AssetCollector.h">
      <Filter>Header Files</Filter>
    </ClInclude>
    <ClInclude Include="..\include\AssetLoader.h">
      <Filter>Header Files</Filter>
    </ClInclude>
    <ClInclude Include="..\include\assets.h">
      <Filter>Header Files</Filter>
    </ClInclude>
    <ClInclude Include="..\include\AssetsCollection.h">
      <Filter>Header Files</Filter>
    </ClInclude>
    <ClInclude Include="..\include\AssetsManager.h">
      <Filter>Header Files</Filter>
    </ClInclude>
    <ClInclude Include="..\include\AssetsTracker.h">
      <Filter>Header Files</Filter>
    </ClInclude>
    <ClInclude Include="..\include\AssetWriter.h">
      <Filter>Header Files</Filter>
    </ClInclude>
    <ClInclude Include="..\include\attack.h">
      <Filter>Header Files</Filter>
    </ClInclude>
    <ClInclude Include="..\include\book.h">
      <Filter>Header Files</Filter>
    </ClInclude>
    <ClInclude Include="..\include\bufferreader.h">
      <Filter>Header Files</Filter>
    </ClInclude>
    <ClInclude Include="..\include\commands.h">
      <Filter>Header Files</Filter>
    </ClInclude>
    <ClInclude Include="..\include\compat.h">
      <Filter>Header Files</Filter>
    </ClInclude>
    <ClInclude Include="..\include\config.h">
      <Filter>Header Files</Filter>
    </ClInclude>
    <ClInclude Include="..\include\define.h">
      <Filter>Header Files</Filter>
    </ClInclude>
    <ClInclude Include="..\include\dialog.h">
      <Filter>Header Files</Filter>
    </ClInclude>
    <ClInclude Include="..\include\events.h">
      <Filter>Header Files</Filter>
    </ClInclude>
    <ClInclude Include="..\include\face.h">
      <Filter>Header Files</Filter>
    </ClInclude>
    <ClInclude Include="..\include\FaceLoader.h">
      <Filter>Header Files</Filter>
    </ClInclude>
    <ClInclude Include="..\include\Faces.h">
      <Filter>Header Files</Filter>
    </ClInclude>
    <ClInclude Include="..\include\FacesetLoader.h">
      <Filter>Header Files</Filter>
    </ClInclude>
    <ClInclude Include="..\include\Facesets.h">
      <Filter>Header Files</Filter>
    </ClInclude>
    <ClInclude Include="..\include\FacesetWriter.h">
      <Filter>Header Files</Filter>
    </ClInclude>
    <ClInclude Include="..\include\FaceWriter.h">
      <Filter>Header Files</Filter>
    </ClInclude>
    <ClInclude Include="..\include\FormulaeWriter.h">
      <Filter>Header Files</Filter>
    </ClInclude>
    <ClInclude Include="..\include\global.h">
      <Filter>Header Files</Filter>
    </ClInclude>
    <ClInclude Include="..\include\god.h">
      <Filter>Header Files</Filter>
    </ClInclude>
    <ClInclude Include="..\include\image.h">
      <Filter>Header Files</Filter>
    </ClInclude>
    <ClInclude Include="..\include\libproto.h">
      <Filter>Header Files</Filter>
    </ClInclude>
    <ClInclude Include="..\include\living.h">
      <Filter>Header Files</Filter>
    </ClInclude>
    <ClInclude Include="..\include\loader.h">
      <Filter>Header Files</Filter>
    </ClInclude>
    <ClInclude Include="..\include\logger.h">
      <Filter>Header Files</Filter>
    </ClInclude>
    <ClInclude Include="..\include\map.h">
      <Filter>Header Files</Filter>
    </ClInclude>
    <ClInclude Include="..\include\material.h">
      <Filter>Header Files</Filter>
    </ClInclude>
    <ClInclude Include="..\include\MessageLoader.h">
      <Filter>Header Files</Filter>
    </ClInclude>
    <ClInclude Include="..\include\Messages.h">
      <Filter>Header Files</Filter>
    </ClInclude>
    <ClInclude Include="..\include\MessageWriter.h">
      <Filter>Header Files</Filter>
    </ClInclude>
    <ClInclude Include="..\include\metaserver2.h">
      <Filter>Header Files</Filter>
    </ClInclude>
    <ClInclude Include="..\include\microtar.h">
      <Filter>Header Files</Filter>
    </ClInclude>
    <ClInclude Include="..\include\minheap.h">
      <Filter>Header Files</Filter>
    </ClInclude>
    <ClInclude Include="..\include\modules.h">
      <Filter>Header Files</Filter>
    </ClInclude>
    <ClInclude Include="..\include\newserver.h">
      <Filter>Header Files</Filter>
    </ClInclude>
    <ClInclude Include="..\include\ob_methods.h">
      <Filter>Header Files</Filter>
    </ClInclude>
    <ClInclude Include="..\include\ob_types.h">
      <Filter>Header Files</Filter>
    </ClInclude>
    <ClInclude Include="..\include\object.h">
      <Filter>Header Files</Filter>
    </ClInclude>
    <ClInclude Include="..\include\output_file.h">
      <Filter>Header Files</Filter>
    </ClInclude>
    <ClInclude Include="..\include\party.h">
      <Filter>Header Files</Filter>
    </ClInclude>
    <ClInclude Include="..\include\path.h">
      <Filter>Header Files</Filter>
    </ClInclude>
    <ClInclude Include="..\include\player.h">
      <Filter>Header Files</Filter>
    </ClInclude>
    <ClInclude Include="..\include\plugin.h">
      <Filter>Header Files</Filter>
    </ClInclude>
    <ClInclude Include="..\include\PngLoader.h">
      <Filter>Header Files</Filter>
    </ClInclude>
    <ClInclude Include="..\include\quest.h">
      <Filter>Header Files</Filter>
    </ClInclude>
    <ClInclude Include="..\include\QuestLoader.h">
      <Filter>Header Files</Filter>
    </ClInclude>
    <ClInclude Include="..\include\Quests.h">
      <Filter>Header Files</Filter>
    </ClInclude>
    <ClInclude Include="..\include\QuestWriter.h">
      <Filter>Header Files</Filter>
    </ClInclude>
    <ClInclude Include="..\include\recipe.h">
      <Filter>Header Files</Filter>
    </ClInclude>
    <ClInclude Include="..\include\re-cmp.h">
      <Filter>Header Files</Filter>
    </ClInclude>
    <ClInclude Include="..\include\server.h">
      <Filter>Header Files</Filter>
    </ClInclude>
    <ClInclude Include="..\include\shop.h">
      <Filter>Header Files</Filter>
    </ClInclude>
    <ClInclude Include="..\include\shstr.h">
      <Filter>Header Files</Filter>
    </ClInclude>
    <ClInclude Include="..\include\skills.h">
      <Filter>Header Files</Filter>
    </ClInclude>
    <ClInclude Include="..\include\sockproto.h">
      <Filter>Header Files</Filter>
    </ClInclude>
    <ClInclude Include="..\include\sounds.h">
      <Filter>Header Files</Filter>
    </ClInclude>
    <ClInclude Include="..\include\spellist.h">
      <Filter>Header Files</Filter>
    </ClInclude>
    <ClInclude Include="..\include\spells.h">
      <Filter>Header Files</Filter>
    </ClInclude>
    <ClInclude Include="..\include\sproto.h">
      <Filter>Header Files</Filter>
    </ClInclude>
    <ClInclude Include="..\include\sstring.h">
      <Filter>Header Files</Filter>
    </ClInclude>
    <ClInclude Include="..\include\stats.h">
      <Filter>Header Files</Filter>
    </ClInclude>
    <ClInclude Include="..\include\stringbuffer.h">
      <Filter>Header Files</Filter>
    </ClInclude>
    <ClInclude Include="..\include\TarLoader.h">
      <Filter>Header Files</Filter>
    </ClInclude>
    <ClInclude Include="..\include\timers.h">
      <Filter>Header Files</Filter>
    </ClInclude>
    <ClInclude Include="..\include\tod.h">
      <Filter>Header Files</Filter>
    </ClInclude>
    <ClInclude Include="..\include\treasure.h">
      <Filter>Header Files</Filter>
    </ClInclude>
    <ClInclude Include="..\include\TreasureLoader.h">
      <Filter>Header Files</Filter>
    </ClInclude>
    <ClInclude Include="..\include\Treasures.h">
      <Filter>Header Files</Filter>
    </ClInclude>
    <ClInclude Include="..\include\TreasureWriter.h">
      <Filter>Header Files</Filter>
    </ClInclude>
    <ClInclude Include="..\include\typesproto.h">
      <Filter>Header Files</Filter>
    </ClInclude>
    <ClInclude Include="..\include\Utils.h">
      <Filter>Header Files</Filter>
    </ClInclude>
    <ClInclude Include="..\include\version.h">
      <Filter>Header Files</Filter>
    </ClInclude>
    <ClInclude Include="..\include\win32.h">
      <Filter>Header Files</Filter>
    </ClInclude>
    <ClInclude Include="..\include\WrapperLoader.h">
      <Filter>Header Files</Filter>
    </ClInclude>
    <ClInclude Include="..\include\shared\newclient.h">
      <Filter>Header Files\shared</Filter>
    </ClInclude>
    <ClInclude Include="..\include\random_maps\expand2x.h">
      <Filter>Header Files\random_maps</Filter>
    </ClInclude>
    <ClInclude Include="..\include\random_maps\maze_gen.h">
      <Filter>Header Files\random_maps</Filter>
    </ClInclude>
    <ClInclude Include="..\include\random_maps\random_map.h">
      <Filter>Header Files\random_maps</Filter>
    </ClInclude>
    <ClInclude Include="..\include\random_maps\room_gen.h">
      <Filter>Header Files\random_maps</Filter>
    </ClInclude>
    <ClInclude Include="..\include\random_maps\rproto.h">
      <Filter>Header Files\random_maps</Filter>
    </ClInclude>
    <ClInclude Include="..\include\svnversion.h">
      <Filter>Header Files</Filter>
    </ClInclude>
  </ItemGroup>
  <ItemGroup>
    <ResourceCompile Include="crossfire.rc">
      <Filter>Resource Files</Filter>
    </ResourceCompile>
  </ItemGroup>
  <ItemGroup>
    <CustomBuild Include="..\ChangeLog" />
    <CustomBuild Include="..\share\settings" />
  </ItemGroup>
  <ItemGroup>
    <None Include="..\include\Makefile.am">
      <Filter>Header Files</Filter>
    </None>
  </ItemGroup>
</Project>